{
  "name": "team",
  "version": "1.0.0",
  "lockfileVersion": 2,
  "requires": true,
  "packages": {
    "": {
      "name": "team",
      "version": "1.0.0",
      "license": "ISC",
      "dependencies": {
        "@miniprogram-component-plus/tabs": "^1.0.0",
        "weui-miniprogram": "^1.3.1"
      }
    },
    "node_modules/@miniprogram-component-plus/tabs": {
      "version": "1.0.0",
      "resolved": "https://registry.npmjs.org/@miniprogram-component-plus/tabs/-/tabs-1.0.0.tgz",
      "integrity": "sha512-oV9dFpIoYAz0IbDECS9toS1GHivWoAd1cchxeZKCBV3PoPCEipHOeXQS3K2USr7EY8LDyfg3f0tDAacPfagYjg=="
    },
    "node_modules/weui-miniprogram": {
      "version": "1.3.1",
      "resolved": "https://registry.npmjs.org/weui-miniprogram/-/weui-miniprogram-1.3.1.tgz",
      "integrity": "sha512-nTrnStV3Abvg6tMAxRUll6+6emUHJkviOX1g0etoy2/cMh4IiaK+skZHeAZN9bX8fzrUaRe3Z1J3htkM7wYWHQ=="
    }
  },
  "dependencies": {
    "@miniprogram-component-plus/tabs": {
      "version": "1.0.0",
      "resolved": "https://registry.npmjs.org/@miniprogram-component-plus/tabs/-/tabs-1.0.0.tgz",
      "integrity": "sha512-oV9dFpIoYAz0IbDECS9toS1GHivWoAd1cchxeZKCBV3PoPCEipHOeXQS3K2USr7EY8LDyfg3f0tDAacPfagYjg=="
    },
    "weui-miniprogram": {
      "version": "1.3.1",
      "resolved": "https://registry.npmjs.org/weui-miniprogram/-/weui-miniprogram-1.3.1.tgz",
      "integrity": "sha512-nTrnStV3Abvg6tMAxRUll6+6emUHJkviOX1g0etoy2/cMh4IiaK+skZHeAZN9bX8fzrUaRe3Z1J3htkM7wYWHQ=="
    }
  }
}
